{
  "version": 4,
  "terraform_version": "1.4.2",
  "serial": 65,
  "lineage": "6482a551-250d-137e-0e3f-6d1262d42b99",
  "outputs": {},
  "resources": [
    {
      "mode": "managed",
      "type": "google_compute_address",
      "name": "streaming_broadcast",
      "provider": "provider[\"registry.terraform.io/hashicorp/google\"]",
      "instances": [
        {
          "schema_version": 0,
          "attributes": {
            "address": "35.212.155.111",
            "address_type": "EXTERNAL",
            "creation_timestamp": "2023-03-19T14:12:24.960-07:00",
            "description": "the single broadcast endpoint that serves DASH/HLS",
            "id": "projects/legal-content-381103/regions/us-west1/addresses/streaming-broadcast",
            "name": "streaming-broadcast",
            "network": "",
            "network_tier": "STANDARD",
            "prefix_length": 0,
            "project": "legal-content-381103",
            "purpose": "",
            "region": "us-west1",
            "self_link": "https://www.googleapis.com/compute/v1/projects/legal-content-381103/regions/us-west1/addresses/streaming-broadcast",
            "subnetwork": "",
            "timeouts": null,
            "users": [
              "https://www.googleapis.com/compute/v1/projects/legal-content-381103/zones/us-west1-b/instances/streaming-broadcast"
            ]
          },
          "sensitive_attributes": [],
          "private": "eyJlMmJmYjczMC1lY2FhLTExZTYtOGY4OC0zNDM2M2JjN2M0YzAiOnsiY3JlYXRlIjoxMjAwMDAwMDAwMDAwLCJkZWxldGUiOjEyMDAwMDAwMDAwMDB9fQ=="
        }
      ]
    },
    {
      "mode": "managed",
      "type": "google_compute_address",
      "name": "streaming_relay",
      "provider": "provider[\"registry.terraform.io/hashicorp/google\"]",
      "instances": [
        {
          "schema_version": 0,
          "attributes": {
            "address": "35.212.161.51",
            "address_type": "EXTERNAL",
            "creation_timestamp": "2023-03-19T14:09:43.910-07:00",
            "description": "The source proxy for streams",
            "id": "projects/legal-content-381103/regions/us-west1/addresses/streaming-relay",
            "name": "streaming-relay",
            "network": "",
            "network_tier": "STANDARD",
            "prefix_length": 0,
            "project": "legal-content-381103",
            "purpose": "",
            "region": "us-west1",
            "self_link": "https://www.googleapis.com/compute/v1/projects/legal-content-381103/regions/us-west1/addresses/streaming-relay",
            "subnetwork": "",
            "timeouts": null,
            "users": [
              "https://www.googleapis.com/compute/v1/projects/legal-content-381103/zones/us-west1-b/instances/streaming-relay"
            ]
          },
          "sensitive_attributes": [],
          "private": "eyJlMmJmYjczMC1lY2FhLTExZTYtOGY4OC0zNDM2M2JjN2M0YzAiOnsiY3JlYXRlIjoxMjAwMDAwMDAwMDAwLCJkZWxldGUiOjEyMDAwMDAwMDAwMDB9fQ=="
        }
      ]
    },
    {
      "mode": "managed",
      "type": "google_compute_firewall",
      "name": "rtmp_server",
      "provider": "provider[\"registry.terraform.io/hashicorp/google\"]",
      "instances": [
        {
          "schema_version": 1,
          "attributes": {
            "allow": [
              {
                "ports": [
                  "1935"
                ],
                "protocol": "tcp"
              }
            ],
            "creation_timestamp": "2023-03-19T14:31:37.709-07:00",
            "deny": [],
            "description": "Allow incoming RTMP from all, passing IP based authentication to nginx configuration for static IP accept lists",
            "destination_ranges": [],
            "direction": "INGRESS",
            "disabled": false,
            "enable_logging": null,
            "id": "projects/legal-content-381103/global/firewalls/rtmp-server",
            "log_config": [],
            "name": "rtmp-server",
            "network": "https://www.googleapis.com/compute/v1/projects/legal-content-381103/global/networks/legal-content-network",
            "priority": 1000,
            "project": "legal-content-381103",
            "self_link": "https://www.googleapis.com/compute/v1/projects/legal-content-381103/global/firewalls/rtmp-server",
            "source_ranges": [
              "0.0.0.0/0"
            ],
            "source_service_accounts": null,
            "source_tags": null,
            "target_service_accounts": null,
            "target_tags": [
              "rtmp-server"
            ],
            "timeouts": null
          },
          "sensitive_attributes": [],
          "private": "eyJlMmJmYjczMC1lY2FhLTExZTYtOGY4OC0zNDM2M2JjN2M0YzAiOnsiY3JlYXRlIjoxMjAwMDAwMDAwMDAwLCJkZWxldGUiOjEyMDAwMDAwMDAwMDAsInVwZGF0ZSI6MTIwMDAwMDAwMDAwMH0sInNjaGVtYV92ZXJzaW9uIjoiMSJ9",
          "dependencies": [
            "google_compute_network.vpc_network"
          ]
        }
      ]
    },
    {
      "mode": "managed",
      "type": "google_compute_instance",
      "name": "streaming_broadcast",
      "provider": "provider[\"registry.terraform.io/hashicorp/google\"]",
      "instances": [
        {
          "schema_version": 6,
          "attributes": {
            "advanced_machine_features": [],
            "allow_stopping_for_update": null,
            "attached_disk": [],
            "boot_disk": [
              {
                "auto_delete": true,
                "device_name": "streaming-broadcast",
                "disk_encryption_key_raw": "",
                "disk_encryption_key_sha256": "",
                "initialize_params": [
                  {
                    "image": "https://www.googleapis.com/compute/v1/projects/ubuntu-os-cloud/global/images/ubuntu-2004-focal-v20230125",
                    "labels": {},
                    "size": 10,
                    "type": "pd-standard"
                  }
                ],
                "kms_key_self_link": "",
                "mode": "READ_WRITE",
                "source": "https://www.googleapis.com/compute/v1/projects/legal-content-381103/zones/us-west1-b/disks/streaming-broadcast"
              }
            ],
            "can_ip_forward": false,
            "confidential_instance_config": [],
            "cpu_platform": "Intel Broadwell",
            "current_status": "RUNNING",
            "deletion_protection": false,
            "description": "",
            "desired_status": null,
            "enable_display": false,
            "guest_accelerator": [],
            "hostname": "",
            "id": "projects/legal-content-381103/zones/us-west1-b/instances/streaming-broadcast",
            "instance_id": "5475524276884523984",
            "label_fingerprint": "42WmSpB8rSM=",
            "labels": {},
            "machine_type": "e2-small",
            "metadata": {
              "ssh-keys": "lazzarello:ssh-rsa AAAAB3NzaC1yc2EAAAADAQABAAACAQDO/c2/SsCsz3jqgoM57p9lGYDMldkn9BZwjJboM42rmC2cc35T+atKLK0w4IZGgYq5z6SeTuvi17luJt2m4+LBkBDtfWPlqDUmZb0qqrCPcRV39+AEj6pKY+4M3zTYrNvF8NqJ1bkjhX4sn4X6vtzpjKKbwVvhX4mGnevja0pMEZfkMqAbm38mIgcHXnYhpb+Sdyt6Yrbw8WD0Fja4Qf6NngJVvTa6l6WwLiCE6DCkfTuwZZT2SlL5/zwLnj9mTHOnDWo6XrdEUFJtjXhoipwAeFVemmWStQDFK/CVWlTwvRfcKWAXxLu+tsXMK6LpNG0aoEyCmbMV4TLPBmgY/hy+er3f1E9PWDDILeuy7aRJIAK6atF8P+4DeZjobdiGdPMHxglo9S0ux6p/ER1hbjFEM0elJeYSEqMR6VoVTfzMxXQqVHhgIfqXXWsDh/8ivFUZVoH4yCm1b04yNOHlPl3TsFxCDvtsCcWyUc23Yqi5uZNYHIMw2iX8TCr8lj5Vh7cs5TvPTBJYTjBOASDx1CWMsZQWp2KbNw5by0dsSWDeNtX1uqqajEf1pNtoh4s38Ji7aUUujZTWuydHA085JvLAi3lkkLrm1oSPLusad9DLZKRy/D69LIQnmdrDXV4U9Sm2uJFHwiIw29CSXKaH3k7l3BiaFFh07oVrh0YdHkO31w== lazzarello@strop.local"
            },
            "metadata_fingerprint": "Oqcvpoom0Ps=",
            "metadata_startup_script": null,
            "min_cpu_platform": "",
            "name": "streaming-broadcast",
            "network_interface": [
              {
                "access_config": [
                  {
                    "nat_ip": "35.212.155.111",
                    "network_tier": "STANDARD",
                    "public_ptr_domain_name": ""
                  }
                ],
                "alias_ip_range": [],
                "ipv6_access_config": [],
                "ipv6_access_type": "",
                "name": "nic0",
                "network": "https://www.googleapis.com/compute/v1/projects/legal-content-381103/global/networks/legal-content-network",
                "network_ip": "10.0.1.9",
                "nic_type": "GVNIC",
                "queue_count": 0,
                "stack_type": "IPV4_ONLY",
                "subnetwork": "https://www.googleapis.com/compute/v1/projects/legal-content-381103/regions/us-west1/subnetworks/legal-content-subnetwork",
                "subnetwork_project": "legal-content-381103"
              }
            ],
            "project": "legal-content-381103",
            "reservation_affinity": [
              {
                "specific_reservation": [],
                "type": "ANY_RESERVATION"
              }
            ],
            "resource_policies": [],
            "scheduling": [
              {
                "automatic_restart": true,
                "instance_termination_action": "",
                "min_node_cpus": 0,
                "node_affinities": [],
                "on_host_maintenance": "MIGRATE",
                "preemptible": false,
                "provisioning_model": "STANDARD"
              }
            ],
            "scratch_disk": [],
            "self_link": "https://www.googleapis.com/compute/v1/projects/legal-content-381103/zones/us-west1-b/instances/streaming-broadcast",
            "service_account": [],
            "shielded_instance_config": [
              {
                "enable_integrity_monitoring": true,
                "enable_secure_boot": false,
                "enable_vtpm": true
              }
            ],
            "tags": [
              "dash-hls",
              "http-server",
              "https-server",
              "rtmp-server"
            ],
            "tags_fingerprint": "gH355Yid7vU=",
            "timeouts": null,
            "zone": "us-west1-b"
          },
          "sensitive_attributes": [],
          "private": "eyJlMmJmYjczMC1lY2FhLTExZTYtOGY4OC0zNDM2M2JjN2M0YzAiOnsiY3JlYXRlIjoxMjAwMDAwMDAwMDAwLCJkZWxldGUiOjEyMDAwMDAwMDAwMDAsInVwZGF0ZSI6MTIwMDAwMDAwMDAwMH0sInNjaGVtYV92ZXJzaW9uIjoiNiJ9",
          "dependencies": [
            "google_compute_address.streaming_broadcast",
            "google_compute_network.vpc_network",
            "google_compute_subnetwork.default"
          ]
        }
      ]
    },
    {
      "mode": "managed",
      "type": "google_compute_instance",
      "name": "streaming_relay",
      "provider": "provider[\"registry.terraform.io/hashicorp/google\"]",
      "instances": [
        {
          "schema_version": 6,
          "attributes": {
            "advanced_machine_features": [],
            "allow_stopping_for_update": null,
            "attached_disk": [],
            "boot_disk": [
              {
                "auto_delete": true,
                "device_name": "streaming-relay",
                "disk_encryption_key_raw": "",
                "disk_encryption_key_sha256": "",
                "initialize_params": [
                  {
                    "image": "https://www.googleapis.com/compute/v1/projects/debian-cloud/global/images/debian-11-bullseye-v20230206",
                    "labels": {},
                    "size": 10,
                    "type": "pd-balanced"
                  }
                ],
                "kms_key_self_link": "",
                "mode": "READ_WRITE",
                "source": "https://www.googleapis.com/compute/v1/projects/legal-content-381103/zones/us-west1-b/disks/streaming-relay"
              }
            ],
            "can_ip_forward": false,
            "confidential_instance_config": [],
            "cpu_platform": "AMD Rome",
            "current_status": "RUNNING",
            "deletion_protection": false,
            "description": "",
            "desired_status": null,
            "enable_display": false,
            "guest_accelerator": [],
            "hostname": "",
            "id": "projects/legal-content-381103/zones/us-west1-b/instances/streaming-relay",
            "instance_id": "7424432091933887459",
            "label_fingerprint": "42WmSpB8rSM=",
            "labels": {},
            "machine_type": "e2-micro",
            "metadata": {
              "ssh-keys": "lazzarello:ssh-rsa AAAAB3NzaC1yc2EAAAADAQABAAACAQDO/c2/SsCsz3jqgoM57p9lGYDMldkn9BZwjJboM42rmC2cc35T+atKLK0w4IZGgYq5z6SeTuvi17luJt2m4+LBkBDtfWPlqDUmZb0qqrCPcRV39+AEj6pKY+4M3zTYrNvF8NqJ1bkjhX4sn4X6vtzpjKKbwVvhX4mGnevja0pMEZfkMqAbm38mIgcHXnYhpb+Sdyt6Yrbw8WD0Fja4Qf6NngJVvTa6l6WwLiCE6DCkfTuwZZT2SlL5/zwLnj9mTHOnDWo6XrdEUFJtjXhoipwAeFVemmWStQDFK/CVWlTwvRfcKWAXxLu+tsXMK6LpNG0aoEyCmbMV4TLPBmgY/hy+er3f1E9PWDDILeuy7aRJIAK6atF8P+4DeZjobdiGdPMHxglo9S0ux6p/ER1hbjFEM0elJeYSEqMR6VoVTfzMxXQqVHhgIfqXXWsDh/8ivFUZVoH4yCm1b04yNOHlPl3TsFxCDvtsCcWyUc23Yqi5uZNYHIMw2iX8TCr8lj5Vh7cs5TvPTBJYTjBOASDx1CWMsZQWp2KbNw5by0dsSWDeNtX1uqqajEf1pNtoh4s38Ji7aUUujZTWuydHA085JvLAi3lkkLrm1oSPLusad9DLZKRy/D69LIQnmdrDXV4U9Sm2uJFHwiIw29CSXKaH3k7l3BiaFFh07oVrh0YdHkO31w== lazzarello@strop.local"
            },
            "metadata_fingerprint": "Oqcvpoom0Ps=",
            "metadata_startup_script": null,
            "min_cpu_platform": "",
            "name": "streaming-relay",
            "network_interface": [
              {
                "access_config": [
                  {
                    "nat_ip": "35.212.161.51",
                    "network_tier": "STANDARD",
                    "public_ptr_domain_name": ""
                  }
                ],
                "alias_ip_range": [],
                "ipv6_access_config": [],
                "ipv6_access_type": "",
                "name": "nic0",
                "network": "https://www.googleapis.com/compute/v1/projects/legal-content-381103/global/networks/legal-content-network",
                "network_ip": "10.0.1.8",
                "nic_type": "",
                "queue_count": 0,
                "stack_type": "IPV4_ONLY",
                "subnetwork": "https://www.googleapis.com/compute/v1/projects/legal-content-381103/regions/us-west1/subnetworks/legal-content-subnetwork",
                "subnetwork_project": "legal-content-381103"
              }
            ],
            "project": "legal-content-381103",
            "reservation_affinity": [
              {
                "specific_reservation": [],
                "type": "ANY_RESERVATION"
              }
            ],
            "resource_policies": [],
            "scheduling": [
              {
                "automatic_restart": true,
                "instance_termination_action": "",
                "min_node_cpus": 0,
                "node_affinities": [],
                "on_host_maintenance": "MIGRATE",
                "preemptible": false,
                "provisioning_model": "STANDARD"
              }
            ],
            "scratch_disk": [],
            "self_link": "https://www.googleapis.com/compute/v1/projects/legal-content-381103/zones/us-west1-b/instances/streaming-relay",
            "service_account": [],
            "shielded_instance_config": [
              {
                "enable_integrity_monitoring": true,
                "enable_secure_boot": false,
                "enable_vtpm": true
              }
            ],
            "tags": [
              "http-server",
              "rtmp-server"
            ],
            "tags_fingerprint": "YsQ6wDssSO8=",
            "timeouts": null,
            "zone": "us-west1-b"
          },
          "sensitive_attributes": [],
          "private": "eyJlMmJmYjczMC1lY2FhLTExZTYtOGY4OC0zNDM2M2JjN2M0YzAiOnsiY3JlYXRlIjoxMjAwMDAwMDAwMDAwLCJkZWxldGUiOjEyMDAwMDAwMDAwMDAsInVwZGF0ZSI6MTIwMDAwMDAwMDAwMH0sInNjaGVtYV92ZXJzaW9uIjoiNiJ9",
          "dependencies": [
            "google_compute_address.streaming_relay",
            "google_compute_network.vpc_network",
            "google_compute_subnetwork.default"
          ]
        }
      ]
    },
    {
      "mode": "managed",
      "type": "google_compute_network",
      "name": "vpc_network",
      "provider": "provider[\"registry.terraform.io/hashicorp/google\"]",
      "instances": [
        {
          "schema_version": 0,
          "attributes": {
            "auto_create_subnetworks": false,
            "delete_default_routes_on_create": false,
            "description": "",
            "enable_ula_internal_ipv6": false,
            "gateway_ipv4": "",
            "id": "projects/legal-content-381103/global/networks/legal-content-network",
            "internal_ipv6_range": "",
            "mtu": 1460,
            "name": "legal-content-network",
            "project": "legal-content-381103",
            "routing_mode": "REGIONAL",
            "self_link": "https://www.googleapis.com/compute/v1/projects/legal-content-381103/global/networks/legal-content-network",
            "timeouts": null
          },
          "sensitive_attributes": [],
          "private": "eyJlMmJmYjczMC1lY2FhLTExZTYtOGY4OC0zNDM2M2JjN2M0YzAiOnsiY3JlYXRlIjoxMjAwMDAwMDAwMDAwLCJkZWxldGUiOjEyMDAwMDAwMDAwMDAsInVwZGF0ZSI6MTIwMDAwMDAwMDAwMH19"
        }
      ]
    },
    {
      "mode": "managed",
      "type": "google_compute_subnetwork",
      "name": "default",
      "provider": "provider[\"registry.terraform.io/hashicorp/google\"]",
      "instances": [
        {
          "schema_version": 0,
          "attributes": {
            "creation_timestamp": "2023-03-19T12:25:46.705-07:00",
            "description": "",
            "external_ipv6_prefix": "",
            "fingerprint": null,
            "gateway_address": "10.0.1.1",
            "id": "projects/legal-content-381103/regions/us-west1/subnetworks/legal-content-subnetwork",
            "ip_cidr_range": "10.0.1.0/24",
            "ipv6_access_type": "",
            "ipv6_cidr_range": "",
            "log_config": [],
            "name": "legal-content-subnetwork",
            "network": "https://www.googleapis.com/compute/v1/projects/legal-content-381103/global/networks/legal-content-network",
            "private_ip_google_access": false,
            "private_ipv6_google_access": "DISABLE_GOOGLE_ACCESS",
            "project": "legal-content-381103",
            "purpose": "PRIVATE",
            "region": "us-west1",
            "role": "",
            "secondary_ip_range": [],
            "self_link": "https://www.googleapis.com/compute/v1/projects/legal-content-381103/regions/us-west1/subnetworks/legal-content-subnetwork",
            "stack_type": "IPV4_ONLY",
            "timeouts": null
          },
          "sensitive_attributes": [],
          "private": "eyJlMmJmYjczMC1lY2FhLTExZTYtOGY4OC0zNDM2M2JjN2M0YzAiOnsiY3JlYXRlIjoxMjAwMDAwMDAwMDAwLCJkZWxldGUiOjEyMDAwMDAwMDAwMDAsInVwZGF0ZSI6MTIwMDAwMDAwMDAwMH19",
          "dependencies": [
            "google_compute_network.vpc_network"
          ]
        }
      ]
    },
    {
      "mode": "managed",
      "type": "google_dns_managed_zone",
      "name": "legalcontent",
      "provider": "provider[\"registry.terraform.io/hashicorp/google\"]",
      "instances": [
        {
          "schema_version": 0,
          "attributes": {
            "cloud_logging_config": [
              {
                "enable_logging": false
              }
            ],
            "creation_time": "2023-03-19T21:23:43.324Z",
            "description": "live streaming legal content",
            "dns_name": "legalcontent.live.",
            "dnssec_config": [],
            "force_destroy": false,
            "forwarding_config": [],
            "id": "projects/legal-content-381103/managedZones/legalcontent",
            "labels": {},
            "managed_zone_id": 295323515722056141,
            "name": "legalcontent",
            "name_servers": [
              "ns-cloud-a1.googledomains.com.",
              "ns-cloud-a2.googledomains.com.",
              "ns-cloud-a3.googledomains.com.",
              "ns-cloud-a4.googledomains.com."
            ],
            "peering_config": [],
            "private_visibility_config": [],
            "project": "legal-content-381103",
            "timeouts": null,
            "visibility": "public"
          },
          "sensitive_attributes": [],
          "private": "eyJlMmJmYjczMC1lY2FhLTExZTYtOGY4OC0zNDM2M2JjN2M0YzAiOnsiY3JlYXRlIjoxMjAwMDAwMDAwMDAwLCJkZWxldGUiOjEyMDAwMDAwMDAwMDAsInVwZGF0ZSI6MTIwMDAwMDAwMDAwMH19"
        }
      ]
    }
  ],
  "check_results": null
}
